{
  "requires": true,
  "lockfileVersion": 1,
  "dependencies": {
    "agent-base": {
      "version": "4.3.0",
      "resolved": "https://registry.npmjs.org/agent-base/-/agent-base-4.3.0.tgz",
      "integrity": "sha512-salcGninV0nPrwpGNn4VTXBb1SOuXQBiqbrNXoeizJsHrsL6ERFM2Ne3JUSBWRE6aeNJI2ROP/WEEIDUiDe3cg==",
      "requires": {
        "es6-promisify": "^5.0.0"
      }
    },
    "better-assert": {
      "version": "1.0.2",
      "resolved": "https://registry.npmjs.org/better-assert/-/better-assert-1.0.2.tgz",
      "integrity": "sha1-QIZrnhueC1W0gYlDEeaPr/rrxSI=",
      "requires": {
        "callsite": "1.0.0"
      }
    },
    "boom": {
      "version": "7.3.0",
      "resolved": "https://registry.npmjs.org/boom/-/boom-7.3.0.tgz",
      "integrity": "sha512-Swpoyi2t5+GhOEGw8rEsKvTxFLIDiiKoUc2gsoV6Lyr43LHBIzch3k2MvYUs8RTROrIkVJ3Al0TkaOGjnb+B6A==",
      "requires": {
        "hoek": "6.x.x"
      }
    },
    "bootstrap": {
      "version": "4.3.1",
      "resolved": "https://registry.npmjs.org/bootstrap/-/bootstrap-4.3.1.tgz",
      "integrity": "sha512-rXqOmH1VilAt2DyPzluTi2blhk17bO7ef+zLLPlWvG494pDxcM234pJ8wTc/6R40UWizAIIMgxjvxZg5kmsbag=="
    },
    "callsite": {
      "version": "1.0.0",
      "resolved": "https://registry.npmjs.org/callsite/-/callsite-1.0.0.tgz",
      "integrity": "sha1-KAOY5dZkvXQDi28JBRU+borxvCA="
    },
    "commander": {
      "version": "2.20.0",
      "resolved": "https://registry.npmjs.org/commander/-/commander-2.20.0.tgz",
      "integrity": "sha512-7j2y+40w61zy6YC2iRNpUe/NwhNyoXrYpHMrSunaMG64nRnaf96zO/KMQR4OyN/UnE5KLyEBnKHd4aG3rskjpQ==",
      "optional": true
    },
    "cryptiles": {
      "version": "4.1.3",
      "resolved": "https://registry.npmjs.org/cryptiles/-/cryptiles-4.1.3.tgz",
      "integrity": "sha512-gT9nyTMSUC1JnziQpPbxKGBbUg8VL7Zn2NB4E1cJYvuXdElHrwxrV9bmltZGDzet45zSDGyYceueke1TjynGzw==",
      "requires": {
        "boom": "7.x.x"
      }
    },
    "debug": {
      "version": "3.2.6",
      "resolved": "https://registry.npmjs.org/debug/-/debug-3.2.6.tgz",
      "integrity": "sha512-mel+jf7nrtEl5Pn1Qx46zARXKDpBbvzezse7p7LqINmdoIk8PYP5SySaxEmYv6TZ0JyEKA1hsCId6DIhgITtWQ==",
      "requires": {
        "ms": "^2.1.1"
      }
    },
    "es6-promise": {
      "version": "4.2.8",
      "resolved": "https://registry.npmjs.org/es6-promise/-/es6-promise-4.2.8.tgz",
      "integrity": "sha512-HJDGx5daxeIvxdBxvG2cb9g4tEvwIk3i8+nhX0yGrYmZUzbkdg8QbDevheDB8gd0//uPj4c1EQua8Q+MViT0/w=="
    },
    "es6-promisify": {
      "version": "5.0.0",
      "resolved": "https://registry.npmjs.org/es6-promisify/-/es6-promisify-5.0.0.tgz",
      "integrity": "sha1-UQnWLz5W6pZ8S2NQWu8IKRyKUgM=",
      "requires": {
        "es6-promise": "^4.0.3"
      }
    },
    "handlebars": {
      "version": "4.1.2",
      "resolved": "https://registry.npmjs.org/handlebars/-/handlebars-4.1.2.tgz",
      "integrity": "sha512-nvfrjqvt9xQ8Z/w0ijewdD/vvWDTOweBUm96NTr66Wfvo1mJenBLwcYmPs3TIBP5ruzYGD7Hx/DaM9RmhroGPw==",
      "requires": {
        "neo-async": "^2.6.0",
        "optimist": "^0.6.1",
        "source-map": "^0.6.1",
        "uglify-js": "^3.1.4"
      }
    },
    "hoek": {
      "version": "6.1.3",
      "resolved": "https://registry.npmjs.org/hoek/-/hoek-6.1.3.tgz",
      "integrity": "sha512-YXXAAhmF9zpQbC7LEcREFtXfGq5K1fmd+4PHkBq8NUqmzW3G+Dq10bI/i0KucLRwss3YYFQ0fSfoxBZYiGUqtQ=="
    },
    "https-proxy-agent": {
      "version": "2.2.1",
      "resolved": "https://registry.npmjs.org/https-proxy-agent/-/https-proxy-agent-2.2.1.tgz",
      "integrity": "sha512-HPCTS1LW51bcyMYbxUIOO4HEOlQ1/1qRaFWcyxvwaqUS9TY88aoEuHUY33kuAh1YhVVaDQhLZsnPd+XNARWZlQ==",
      "requires": {
        "agent-base": "^4.1.0",
        "debug": "^3.1.0"
      }
    },
    "jquery": {
      "version": "3.4.1",
      "resolved": "https://registry.npmjs.org/jquery/-/jquery-3.4.1.tgz",
      "integrity": "sha512-36+AdBzCL+y6qjw5Tx7HgzeGCzC81MDDgaUP8ld2zhx58HdqXGoBd+tHdrBMiyjGQs0Hxs/MLZTu/eHNJJuWPw=="
    },
    "minimist": {
      "version": "0.0.10",
      "resolved": "https://registry.npmjs.org/minimist/-/minimist-0.0.10.tgz",
      "integrity": "sha1-3j+YVD2/lggr5IrRoMfNqDYwHc8="
    },
    "ms": {
      "version": "2.1.2",
      "resolved": "https://registry.npmjs.org/ms/-/ms-2.1.2.tgz",
      "integrity": "sha512-sGkPx+VjMtmA6MX27oA4FBFELFCZZ4S4XqeGOXCv68tT+jb3vk/RyaKWP0PTKyWtmLSM0b+adUTEvbs1PEaH2w=="
    },
    "neo-async": {
      "version": "2.6.1",
      "resolved": "https://registry.npmjs.org/neo-async/-/neo-async-2.6.1.tgz",
      "integrity": "sha512-iyam8fBuCUpWeKPGpaNMetEocMt364qkCsfL9JuhjXX6dRnguRVOfk2GZaDpPjcOKiiXCPINZC1GczQ7iTq3Zw=="
    },
    "optimist": {
      "version": "0.6.1",
      "resolved": "https://registry.npmjs.org/optimist/-/optimist-0.6.1.tgz",
      "integrity": "sha1-2j6nRob6IaGaERwybpDrFaAZZoY=",
      "requires": {
        "minimist": "~0.0.1",
        "wordwrap": "~0.0.2"
      }
    },
    "parsejson": {
      "version": "0.0.3",
      "resolved": "https://registry.npmjs.org/parsejson/-/parsejson-0.0.3.tgz",
      "integrity": "sha1-q343WfIJ7OmUN5c/fQ8fZK4OZKs=",
      "requires": {
        "better-assert": "~1.0.0"
      }
    },
    "popper.js": {
      "version": "1.15.0",
      "resolved": "https://registry.npmjs.org/popper.js/-/popper.js-1.15.0.tgz",
      "integrity": "sha512-w010cY1oCUmI+9KwwlWki+r5jxKfTFDVoadl7MSrIujHU5MJ5OR6HTDj6Xo8aoR/QsA56x8jKjA59qGH4ELtrA=="
    },
    "source-map": {
      "version": "0.6.1",
      "resolved": "https://registry.npmjs.org/source-map/-/source-map-0.6.1.tgz",
      "integrity": "sha512-UjgapumWlbMhkBgzT7Ykc5YXUT46F0iKu8SGXq0bcwP5dz/h0Plj6enJqjz1Zbq2l5WaqYnrVbwWOWMyF3F47g=="
    },
    "uglify-js": {
      "version": "3.6.0",
      "resolved": "https://registry.npmjs.org/uglify-js/-/uglify-js-3.6.0.tgz",
      "integrity": "sha512-W+jrUHJr3DXKhrsS7NUVxn3zqMOFn0hL/Ei6v0anCIMoKC93TjcflTagwIHLW7SfMFfiQuktQyFVCFHGUE0+yg==",
      "optional": true,
      "requires": {
        "commander": "~2.20.0",
        "source-map": "~0.6.1"
      }
    },
    "wordwrap": {
      "version": "0.0.3",
      "resolved": "https://registry.npmjs.org/wordwrap/-/wordwrap-0.0.3.tgz",
      "integrity": "sha1-o9XabNXAvAAI03I0u68b7WMFkQc="
    }
  }
}
